// !$*UTF8*$!
{
	archiveVersion = 1;
	classes = {
	};
	objectVersion = 55;
	objects = {

/* Begin PBXBuildFile section */
		43AF118728C6AA0A009AD704 /* Tests_iOS.swift in Sources */ = {isa = PBXBuildFile; fileRef = 43AF118628C6AA0A009AD704 /* Tests_iOS.swift */; };
		43AF118928C6AA0A009AD704 /* Tests_iOSLaunchTests.swift in Sources */ = {isa = PBXBuildFile; fileRef = 43AF118828C6AA0A009AD704 /* Tests_iOSLaunchTests.swift */; };
		43AF119328C6AA0A009AD704 /* Tests_macOS.swift in Sources */ = {isa = PBXBuildFile; fileRef = 43AF119228C6AA0A009AD704 /* Tests_macOS.swift */; };
		43AF119528C6AA0A009AD704 /* Tests_macOSLaunchTests.swift in Sources */ = {isa = PBXBuildFile; fileRef = 43AF119428C6AA0A009AD704 /* Tests_macOSLaunchTests.swift */; };
		43AF119628C6AA0A009AD704 /* opivoidApp.swift in Sources */ = {isa = PBXBuildFile; fileRef = 43AF116E28C6AA08009AD704 /* opivoidApp.swift */; };
		43AF119728C6AA0A009AD704 /* opivoidApp.swift in Sources */ = {isa = PBXBuildFile; fileRef = 43AF116E28C6AA08009AD704 /* opivoidApp.swift */; };
		43AF119828C6AA0A009AD704 /* ContentView.swift in Sources */ = {isa = PBXBuildFile; fileRef = 43AF116F28C6AA08009AD704 /* ContentView.swift */; };
		43AF119928C6AA0A009AD704 /* ContentView.swift in Sources */ = {isa = PBXBuildFile; fileRef = 43AF116F28C6AA08009AD704 /* ContentView.swift */; };
		43AF119A28C6AA0A009AD704 /* Assets.xcassets in Resources */ = {isa = PBXBuildFile; fileRef = 43AF117028C6AA0A009AD704 /* Assets.xcassets */; };
		43AF119B28C6AA0A009AD704 /* Assets.xcassets in Resources */ = {isa = PBXBuildFile; fileRef = 43AF117028C6AA0A009AD704 /* Assets.xcassets */; };
		43AF11AF28C6AAB7009AD704 /* BlogRow.swift in Sources */ = {isa = PBXBuildFile; fileRef = 43AF11AE28C6AAB7009AD704 /* BlogRow.swift */; };
		43AF11B228C6AB02009AD704 /* Blog.swift in Sources */ = {isa = PBXBuildFile; fileRef = 43AF11B128C6AB02009AD704 /* Blog.swift */; };
		43AF11B428C79A43009AD704 /* ModelData.swift in Sources */ = {isa = PBXBuildFile; fileRef = 43AF11B328C79A43009AD704 /* ModelData.swift */; };
		43AF11B628C79B76009AD704 /* blogData.json in Resources */ = {isa = PBXBuildFile; fileRef = 43AF11B528C79B76009AD704 /* blogData.json */; };
		43AF11B828C7D42D009AD704 /* BlogList.swift in Sources */ = {isa = PBXBuildFile; fileRef = 43AF11B728C7D42D009AD704 /* BlogList.swift */; };
		43AF11BA28C82C3A009AD704 /* TabbberView.swift in Sources */ = {isa = PBXBuildFile; fileRef = 43AF11B928C82C3A009AD704 /* TabbberView.swift */; };
/* End PBXBuildFile section */

/* Begin PBXContainerItemProxy section */
		43AF118328C6AA0A009AD704 /* PBXContainerItemProxy */ = {
			isa = PBXContainerItemProxy;
			containerPortal = 43AF116928C6AA08009AD704 /* Project object */;
			proxyType = 1;
			remoteGlobalIDString = 43AF117428C6AA0A009AD704;
			remoteInfo = "opivoid (iOS)";
		};
		43AF118F28C6AA0A009AD704 /* PBXContainerItemProxy */ = {
			isa = PBXContainerItemProxy;
			containerPortal = 43AF116928C6AA08009AD704 /* Project object */;
			proxyType = 1;
			remoteGlobalIDString = 43AF117A28C6AA0A009AD704;
			remoteInfo = "opivoid (macOS)";
		};
/* End PBXContainerItemProxy section */

/* Begin PBXFileReference section */
		43AF116E28C6AA08009AD704 /* opivoidApp.swift */ = {isa = PBXFileReference; lastKnownFileType = sourcecode.swift; path = opivoidApp.swift; sourceTree = "<group>"; };
		43AF116F28C6AA08009AD704 /* ContentView.swift */ = {isa = PBXFileReference; lastKnownFileType = sourcecode.swift; path = ContentView.swift; sourceTree = "<group>"; };
		43AF117028C6AA0A009AD704 /* Assets.xcassets */ = {isa = PBXFileReference; lastKnownFileType = folder.assetcatalog; path = Assets.xcassets; sourceTree = "<group>"; };
		43AF117528C6AA0A009AD704 /* opivoid.app */ = {isa = PBXFileReference; explicitFileType = wrapper.application; includeInIndex = 0; path = opivoid.app; sourceTree = BUILT_PRODUCTS_DIR; };
		43AF117B28C6AA0A009AD704 /* opivoid.app */ = {isa = PBXFileReference; explicitFileType = wrapper.application; includeInIndex = 0; path = opivoid.app; sourceTree = BUILT_PRODUCTS_DIR; };
		43AF117D28C6AA0A009AD704 /* macOS.entitlements */ = {isa = PBXFileReference; lastKnownFileType = text.plist.entitlements; path = macOS.entitlements; sourceTree = "<group>"; };
		43AF118228C6AA0A009AD704 /* Tests iOS.xctest */ = {isa = PBXFileReference; explicitFileType = wrapper.cfbundle; includeInIndex = 0; path = "Tests iOS.xctest"; sourceTree = BUILT_PRODUCTS_DIR; };
		43AF118628C6AA0A009AD704 /* Tests_iOS.swift */ = {isa = PBXFileReference; lastKnownFileType = sourcecode.swift; path = Tests_iOS.swift; sourceTree = "<group>"; };
		43AF118828C6AA0A009AD704 /* Tests_iOSLaunchTests.swift */ = {isa = PBXFileReference; lastKnownFileType = sourcecode.swift; path = Tests_iOSLaunchTests.swift; sourceTree = "<group>"; };
		43AF118E28C6AA0A009AD704 /* Tests macOS.xctest */ = {isa = PBXFileReference; explicitFileType = wrapper.cfbundle; includeInIndex = 0; path = "Tests macOS.xctest"; sourceTree = BUILT_PRODUCTS_DIR; };
		43AF119228C6AA0A009AD704 /* Tests_macOS.swift */ = {isa = PBXFileReference; lastKnownFileType = sourcecode.swift; path = Tests_macOS.swift; sourceTree = "<group>"; };
		43AF119428C6AA0A009AD704 /* Tests_macOSLaunchTests.swift */ = {isa = PBXFileReference; lastKnownFileType = sourcecode.swift; path = Tests_macOSLaunchTests.swift; sourceTree = "<group>"; };
		43AF11AE28C6AAB7009AD704 /* BlogRow.swift */ = {isa = PBXFileReference; lastKnownFileType = sourcecode.swift; path = BlogRow.swift; sourceTree = "<group>"; };
		43AF11B128C6AB02009AD704 /* Blog.swift */ = {isa = PBXFileReference; lastKnownFileType = sourcecode.swift; path = Blog.swift; sourceTree = "<group>"; };
		43AF11B328C79A43009AD704 /* ModelData.swift */ = {isa = PBXFileReference; lastKnownFileType = sourcecode.swift; path = ModelData.swift; sourceTree = "<group>"; };
		43AF11B528C79B76009AD704 /* blogData.json */ = {isa = PBXFileReference; fileEncoding = 4; lastKnownFileType = text.json; path = blogData.json; sourceTree = "<group>"; };
		43AF11B728C7D42D009AD704 /* BlogList.swift */ = {isa = PBXFileReference; lastKnownFileType = sourcecode.swift; path = BlogList.swift; sourceTree = "<group>"; };
		43AF11B928C82C3A009AD704 /* TabbberView.swift */ = {isa = PBXFileReference; lastKnownFileType = sourcecode.swift; path = TabbberView.swift; sourceTree = "<group>"; };
/* End PBXFileReference section */

/* Begin PBXFrameworksBuildPhase section */
		43AF117228C6AA0A009AD704 /* Frameworks */ = {
			isa = PBXFrameworksBuildPhase;
			buildActionMask = 2147483647;
			files = (
			);
			runOnlyForDeploymentPostprocessing = 0;
		};
		43AF117828C6AA0A009AD704 /* Frameworks */ = {
			isa = PBXFrameworksBuildPhase;
			buildActionMask = 2147483647;
			files = (
			);
			runOnlyForDeploymentPostprocessing = 0;
		};
		43AF117F28C6AA0A009AD704 /* Frameworks */ = {
			isa = PBXFrameworksBuildPhase;
			buildActionMask = 2147483647;
			files = (
			);
			runOnlyForDeploymentPostprocessing = 0;
		};
		43AF118B28C6AA0A009AD704 /* Frameworks */ = {
			isa = PBXFrameworksBuildPhase;
			buildActionMask = 2147483647;
			files = (
			);
			runOnlyForDeploymentPostprocessing = 0;
		};
/* End PBXFrameworksBuildPhase section */

/* Begin PBXGroup section */
		43AF116828C6AA08009AD704 = {
			isa = PBXGroup;
			children = (
				43AF116D28C6AA08009AD704 /* Shared */,
				43AF117C28C6AA0A009AD704 /* macOS */,
				43AF118528C6AA0A009AD704 /* Tests iOS */,
				43AF119128C6AA0A009AD704 /* Tests macOS */,
				43AF117628C6AA0A009AD704 /* Products */,
			);
			sourceTree = "<group>";
		};
		43AF116D28C6AA08009AD704 /* Shared */ = {
			isa = PBXGroup;
			children = (
				43AF11AC28C6AA5D009AD704 /* Resources */,
				43AF11AB28C6AA51009AD704 /* Model */,
				43AF11AA28C6AA3D009AD704 /* Views */,
				43AF116E28C6AA08009AD704 /* opivoidApp.swift */,
				43AF116F28C6AA08009AD704 /* ContentView.swift */,
				43AF117028C6AA0A009AD704 /* Assets.xcassets */,
			);
			path = Shared;
			sourceTree = "<group>";
		};
		43AF117628C6AA0A009AD704 /* Products */ = {
			isa = PBXGroup;
			children = (
				43AF117528C6AA0A009AD704 /* opivoid.app */,
				43AF117B28C6AA0A009AD704 /* opivoid.app */,
				43AF118228C6AA0A009AD704 /* Tests iOS.xctest */,
				43AF118E28C6AA0A009AD704 /* Tests macOS.xctest */,
			);
			name = Products;
			sourceTree = "<group>";
		};
		43AF117C28C6AA0A009AD704 /* macOS */ = {
			isa = PBXGroup;
			children = (
				43AF117D28C6AA0A009AD704 /* macOS.entitlements */,
			);
			path = macOS;
			sourceTree = "<group>";
		};
		43AF118528C6AA0A009AD704 /* Tests iOS */ = {
			isa = PBXGroup;
			children = (
				43AF118628C6AA0A009AD704 /* Tests_iOS.swift */,
				43AF118828C6AA0A009AD704 /* Tests_iOSLaunchTests.swift */,
			);
			path = "Tests iOS";
			sourceTree = "<group>";
		};
		43AF119128C6AA0A009AD704 /* Tests macOS */ = {
			isa = PBXGroup;
			children = (
				43AF119228C6AA0A009AD704 /* Tests_macOS.swift */,
				43AF119428C6AA0A009AD704 /* Tests_macOSLaunchTests.swift */,
			);
			path = "Tests macOS";
			sourceTree = "<group>";
		};
		43AF11AA28C6AA3D009AD704 /* Views */ = {
			isa = PBXGroup;
			children = (
				43AF11AD28C6AA79009AD704 /* Home */,
			);
			path = Views;
			sourceTree = "<group>";
		};
		43AF11AB28C6AA51009AD704 /* Model */ = {
			isa = PBXGroup;
			children = (
				43AF11B028C6AAF3009AD704 /* Home */,
			);
			path = Model;
			sourceTree = "<group>";
		};
		43AF11AC28C6AA5D009AD704 /* Resources */ = {
			isa = PBXGroup;
			children = (
				43AF11B528C79B76009AD704 /* blogData.json */,
			);
			path = Resources;
			sourceTree = "<group>";
		};
		43AF11AD28C6AA79009AD704 /* Home */ = {
			isa = PBXGroup;
			children = (
				43AF11AE28C6AAB7009AD704 /* BlogRow.swift */,
				43AF11B728C7D42D009AD704 /* BlogList.swift */,
				43AF11B928C82C3A009AD704 /* TabbberView.swift */,
			);
			path = Home;
			sourceTree = "<group>";
		};
		43AF11B028C6AAF3009AD704 /* Home */ = {
			isa = PBXGroup;
			children = (
				43AF11B128C6AB02009AD704 /* Blog.swift */,
				43AF11B328C79A43009AD704 /* ModelData.swift */,
			);
			path = Home;
			sourceTree = "<group>";
		};
/* End PBXGroup section */

/* Begin PBXNativeTarget section */
		43AF117428C6AA0A009AD704 /* opivoid (iOS) */ = {
			isa = PBXNativeTarget;
			buildConfigurationList = 43AF119E28C6AA0A009AD704 /* Build configuration list for PBXNativeTarget "opivoid (iOS)" */;
			buildPhases = (
				43AF117128C6AA0A009AD704 /* Sources */,
				43AF117228C6AA0A009AD704 /* Frameworks */,
				43AF117328C6AA0A009AD704 /* Resources */,
			);
			buildRules = (
			);
			dependencies = (
			);
			name = "opivoid (iOS)";
			productName = "opivoid (iOS)";
			productReference = 43AF117528C6AA0A009AD704 /* opivoid.app */;
			productType = "com.apple.product-type.application";
		};
		43AF117A28C6AA0A009AD704 /* opivoid (macOS) */ = {
			isa = PBXNativeTarget;
			buildConfigurationList = 43AF11A128C6AA0A009AD704 /* Build configuration list for PBXNativeTarget "opivoid (macOS)" */;
			buildPhases = (
				43AF117728C6AA0A009AD704 /* Sources */,
				43AF117828C6AA0A009AD704 /* Frameworks */,
				43AF117928C6AA0A009AD704 /* Resources */,
			);
			buildRules = (
			);
			dependencies = (
			);
			name = "opivoid (macOS)";
			productName = "opivoid (macOS)";
			productReference = 43AF117B28C6AA0A009AD704 /* opivoid.app */;
			productType = "com.apple.product-type.application";
		};
		43AF118128C6AA0A009AD704 /* Tests iOS */ = {
			isa = PBXNativeTarget;
			buildConfigurationList = 43AF11A428C6AA0A009AD704 /* Build configuration list for PBXNativeTarget "Tests iOS" */;
			buildPhases = (
				43AF117E28C6AA0A009AD704 /* Sources */,
				43AF117F28C6AA0A009AD704 /* Frameworks */,
				43AF118028C6AA0A009AD704 /* Resources */,
			);
			buildRules = (
			);
			dependencies = (
				43AF118428C6AA0A009AD704 /* PBXTargetDependency */,
			);
			name = "Tests iOS";
			productName = "Tests iOS";
			productReference = 43AF118228C6AA0A009AD704 /* Tests iOS.xctest */;
			productType = "com.apple.product-type.bundle.ui-testing";
		};
		43AF118D28C6AA0A009AD704 /* Tests macOS */ = {
			isa = PBXNativeTarget;
			buildConfigurationList = 43AF11A728C6AA0A009AD704 /* Build configuration list for PBXNativeTarget "Tests macOS" */;
			buildPhases = (
				43AF118A28C6AA0A009AD704 /* Sources */,
				43AF118B28C6AA0A009AD704 /* Frameworks */,
				43AF118C28C6AA0A009AD704 /* Resources */,
			);
			buildRules = (
			);
			dependencies = (
				43AF119028C6AA0A009AD704 /* PBXTargetDependency */,
			);
			name = "Tests macOS";
			productName = "Tests macOS";
			productReference = 43AF118E28C6AA0A009AD704 /* Tests macOS.xctest */;
			productType = "com.apple.product-type.bundle.ui-testing";
		};
/* End PBXNativeTarget section */

/* Begin PBXProject section */
		43AF116928C6AA08009AD704 /* Project object */ = {
			isa = PBXProject;
			attributes = {
				BuildIndependentTargetsInParallel = 1;
				LastSwiftUpdateCheck = 1340;
				LastUpgradeCheck = 1340;
				TargetAttributes = {
					43AF117428C6AA0A009AD704 = {
						CreatedOnToolsVersion = 13.4.1;
					};
					43AF117A28C6AA0A009AD704 = {
						CreatedOnToolsVersion = 13.4.1;
					};
					43AF118128C6AA0A009AD704 = {
						CreatedOnToolsVersion = 13.4.1;
						TestTargetID = 43AF117428C6AA0A009AD704;
					};
					43AF118D28C6AA0A009AD704 = {
						CreatedOnToolsVersion = 13.4.1;
						TestTargetID = 43AF117A28C6AA0A009AD704;
					};
				};
			};
			buildConfigurationList = 43AF116C28C6AA08009AD704 /* Build configuration list for PBXProject "opivoid" */;
			compatibilityVersion = "Xcode 13.0";
			developmentRegion = en;
			hasScannedForEncodings = 0;
			knownRegions = (
				en,
				Base,
			);
			mainGroup = 43AF116828C6AA08009AD704;
			productRefGroup = 43AF117628C6AA0A009AD704 /* Products */;
			projectDirPath = "";
			projectRoot = "";
			targets = (
				43AF117428C6AA0A009AD704 /* opivoid (iOS) */,
				43AF117A28C6AA0A009AD704 /* opivoid (macOS) */,
				43AF118128C6AA0A009AD704 /* Tests iOS */,
				43AF118D28C6AA0A009AD704 /* Tests macOS */,
			);
		};
/* End PBXProject section */

/* Begin PBXResourcesBuildPhase section */
		43AF117328C6AA0A009AD704 /* Resources */ = {
			isa = PBXResourcesBuildPhase;
			buildActionMask = 2147483647;
			files = (
				43AF119A28C6AA0A009AD704 /* Assets.xcassets in Resources */,
				43AF11B628C79B76009AD704 /* blogData.json in Resources */,
			);
			runOnlyForDeploymentPostprocessing = 0;
		};
		43AF117928C6AA0A009AD704 /* Resources */ = {
			isa = PBXResourcesBuildPhase;
			buildActionMask = 2147483647;
			files = (
				43AF119B28C6AA0A009AD704 /* Assets.xcassets in Resources */,
			);
			runOnlyForDeploymentPostprocessing = 0;
		};
		43AF118028C6AA0A009AD704 /* Resources */ = {
			isa = PBXResourcesBuildPhase;
			buildActionMask = 2147483647;
			files = (
			);
			runOnlyForDeploymentPostprocessing = 0;
		};
		43AF118C28C6AA0A009AD704 /* Resources */ = {
			isa = PBXResourcesBuildPhase;
			buildActionMask = 2147483647;
			files = (
			);
			runOnlyForDeploymentPostprocessing = 0;
		};
/* End PBXResourcesBuildPhase section */

/* Begin PBXSourcesBuildPhase section */
		43AF117128C6AA0A009AD704 /* Sources */ = {
			isa = PBXSourcesBuildPhase;
			buildActionMask = 2147483647;
			files = (
				43AF11AF28C6AAB7009AD704 /* BlogRow.swift in Sources */,
				43AF11B828C7D42D009AD704 /* BlogList.swift in Sources */,
				43AF11B228C6AB02009AD704 /* Blog.swift in Sources */,
				43AF11B428C79A43009AD704 /* ModelData.swift in Sources */,
				43AF11BA28C82C3A009AD704 /* TabbberView.swift in Sources */,
				43AF119828C6AA0A009AD704 /* ContentView.swift in Sources */,
				43AF119628C6AA0A009AD704 /* opivoidApp.swift in Sources */,
			);
			runOnlyForDeploymentPostprocessing = 0;
		};
		43AF117728C6AA0A009AD704 /* Sources */ = {
			isa = PBXSourcesBuildPhase;
			buildActionMask = 2147483647;
			files = (
				43AF119928C6AA0A009AD704 /* ContentView.swift in Sources */,
				43AF119728C6AA0A009AD704 /* opivoidApp.swift in Sources */,
			);
			runOnlyForDeploymentPostprocessing = 0;
		};
		43AF117E28C6AA0A009AD704 /* Sources */ = {
			isa = PBXSourcesBuildPhase;
			buildActionMask = 2147483647;
			files = (
				43AF118928C6AA0A009AD704 /* Tests_iOSLaunchTests.swift in Sources */,
				43AF118728C6AA0A009AD704 /* Tests_iOS.swift in Sources */,
			);
			runOnlyForDeploymentPostprocessing = 0;
		};
		43AF118A28C6AA0A009AD704 /* Sources */ = {
			isa = PBXSourcesBuildPhase;
			buildActionMask = 2147483647;
			files = (
				43AF119528C6AA0A009AD704 /* Tests_macOSLaunchTests.swift in Sources */,
				43AF119328C6AA0A009AD704 /* Tests_macOS.swift in Sources */,
			);
			runOnlyForDeploymentPostprocessing = 0;
		};
/* End PBXSourcesBuildPhase section */

/* Begin PBXTargetDependency section */
		43AF118428C6AA0A009AD704 /* PBXTargetDependency */ = {
			isa = PBXTargetDependency;
			target = 43AF117428C6AA0A009AD704 /* opivoid (iOS) */;
			targetProxy = 43AF118328C6AA0A009AD704 /* PBXContainerItemProxy */;
		};
		43AF119028C6AA0A009AD704 /* PBXTargetDependency */ = {
			isa = PBXTargetDependency;
			target = 43AF117A28C6AA0A009AD704 /* opivoid (macOS) */;
			targetProxy = 43AF118F28C6AA0A009AD704 /* PBXContainerItemProxy */;
		};
/* End PBXTargetDependency section */

/* Begin XCBuildConfiguration section */
		43AF119C28C6AA0A009AD704 /* Debug */ = {
			isa = XCBuildConfiguration;
			buildSettings = {
				ALWAYS_SEARCH_USER_PATHS = NO;
				CLANG_ANALYZER_NONNULL = YES;
				CLANG_ANALYZER_NUMBER_OBJECT_CONVERSION = YES_AGGRESSIVE;
				CLANG_CXX_LANGUAGE_STANDARD = "gnu++17";
				CLANG_ENABLE_MODULES = YES;
				CLANG_ENABLE_OBJC_ARC = YES;
				CLANG_ENABLE_OBJC_WEAK = YES;
				CLANG_WARN_BLOCK_CAPTURE_AUTORELEASING = YES;
				CLANG_WARN_BOOL_CONVERSION = YES;
				CLANG_WARN_COMMA = YES;
				CLANG_WARN_CONSTANT_CONVERSION = YES;
				CLANG_WARN_DEPRECATED_OBJC_IMPLEMENTATIONS = YES;
				CLANG_WARN_DIRECT_OBJC_ISA_USAGE = YES_ERROR;
				CLANG_WARN_DOCUMENTATION_COMMENTS = YES;
				CLANG_WARN_EMPTY_BODY = YES;
				CLANG_WARN_ENUM_CONVERSION = YES;
				CLANG_WARN_INFINITE_RECURSION = YES;
				CLANG_WARN_INT_CONVERSION = YES;
				CLANG_WARN_NON_LITERAL_NULL_CONVERSION = YES;
				CLANG_WARN_OBJC_IMPLICIT_RETAIN_SELF = YES;
				CLANG_WARN_OBJC_LITERAL_CONVERSION = YES;
				CLANG_WARN_OBJC_ROOT_CLASS = YES_ERROR;
				CLANG_WARN_QUOTED_INCLUDE_IN_FRAMEWORK_HEADER = YES;
				CLANG_WARN_RANGE_LOOP_ANALYSIS = YES;
				CLANG_WARN_STRICT_PROTOTYPES = YES;
				CLANG_WARN_SUSPICIOUS_MOVE = YES;
				CLANG_WARN_UNGUARDED_AVAILABILITY = YES_AGGRESSIVE;
				CLANG_WARN_UNREACHABLE_CODE = YES;
				CLANG_WARN__DUPLICATE_METHOD_MATCH = YES;
				COPY_PHASE_STRIP = NO;
				DEBUG_INFORMATION_FORMAT = dwarf;
				ENABLE_STRICT_OBJC_MSGSEND = YES;
				ENABLE_TESTABILITY = YES;
				GCC_C_LANGUAGE_STANDARD = gnu11;
				GCC_DYNAMIC_NO_PIC = NO;
				GCC_NO_COMMON_BLOCKS = YES;
				GCC_OPTIMIZATION_LEVEL = 0;
				GCC_PREPROCESSOR_DEFINITIONS = (
					"DEBUG=1",
					"$(inherited)",
				);
				GCC_WARN_64_TO_32_BIT_CONVERSION = YES;
				GCC_WARN_ABOUT_RETURN_TYPE = YES_ERROR;
				GCC_WARN_UNDECLARED_SELECTOR = YES;
				GCC_WARN_UNINITIALIZED_AUTOS = YES_AGGRESSIVE;
				GCC_WARN_UNUSED_FUNCTION = YES;
				GCC_WARN_UNUSED_VARIABLE = YES;
				MTL_ENABLE_DEBUG_INFO = INCLUDE_SOURCE;
				MTL_FAST_MATH = YES;
				ONLY_ACTIVE_ARCH = YES;
				SWIFT_ACTIVE_COMPILATION_CONDITIONS = DEBUG;
				SWIFT_OPTIMIZATION_LEVEL = "-Onone";
			};
			name = Debug;
		};
		43AF119D28C6AA0A009AD704 /* Release */ = {
			isa = XCBuildConfiguration;
			buildSettings = {
				ALWAYS_SEARCH_USER_PATHS = NO;
				CLANG_ANALYZER_NONNULL = YES;
				CLANG_ANALYZER_NUMBER_OBJECT_CONVERSION = YES_AGGRESSIVE;
				CLANG_CXX_LANGUAGE_STANDARD = "gnu++17";
				CLANG_ENABLE_MODULES = YES;
				CLANG_ENABLE_OBJC_ARC = YES;
				CLANG_ENABLE_OBJC_WEAK = YES;
				CLANG_WARN_BLOCK_CAPTURE_AUTORELEASING = YES;
				CLANG_WARN_BOOL_CONVERSION = YES;
				CLANG_WARN_COMMA = YES;
				CLANG_WARN_CONSTANT_CONVERSION = YES;
				CLANG_WARN_DEPRECATED_OBJC_IMPLEMENTATIONS = YES;
				CLANG_WARN_DIRECT_OBJC_ISA_USAGE = YES_ERROR;
				CLANG_WARN_DOCUMENTATION_COMMENTS = YES;
				CLANG_WARN_EMPTY_BODY = YES;
				CLANG_WARN_ENUM_CONVERSION = YES;
				CLANG_WARN_INFINITE_RECURSION = YES;
				CLANG_WARN_INT_CONVERSION = YES;
				CLANG_WARN_NON_LITERAL_NULL_CONVERSION = YES;
				CLANG_WARN_OBJC_IMPLICIT_RETAIN_SELF = YES;
				CLANG_WARN_OBJC_LITERAL_CONVERSION = YES;
				CLANG_WARN_OBJC_ROOT_CLASS = YES_ERROR;
				CLANG_WARN_QUOTED_INCLUDE_IN_FRAMEWORK_HEADER = YES;
				CLANG_WARN_RANGE_LOOP_ANALYSIS = YES;
				CLANG_WARN_STRICT_PROTOTYPES = YES;
				CLANG_WARN_SUSPICIOUS_MOVE = YES;
				CLANG_WARN_UNGUARDED_AVAILABILITY = YES_AGGRESSIVE;
				CLANG_WARN_UNREACHABLE_CODE = YES;
				CLANG_WARN__DUPLICATE_METHOD_MATCH = YES;
				COPY_PHASE_STRIP = NO;
				DEBUG_INFORMATION_FORMAT = "dwarf-with-dsym";
				ENABLE_NS_ASSERTIONS = NO;
				ENABLE_STRICT_OBJC_MSGSEND = YES;
				GCC_C_LANGUAGE_STANDARD = gnu11;
				GCC_NO_COMMON_BLOCKS = YES;
				GCC_WARN_64_TO_32_BIT_CONVERSION = YES;
				GCC_WARN_ABOUT_RETURN_TYPE = YES_ERROR;
				GCC_WARN_UNDECLARED_SELECTOR = YES;
				GCC_WARN_UNINITIALIZED_AUTOS = YES_AGGRESSIVE;
				GCC_WARN_UNUSED_FUNCTION = YES;
				GCC_WARN_UNUSED_VARIABLE = YES;
				MTL_ENABLE_DEBUG_INFO = NO;
				MTL_FAST_MATH = YES;
				SWIFT_COMPILATION_MODE = wholemodule;
				SWIFT_OPTIMIZATION_LEVEL = "-O";
			};
			name = Release;
		};
		43AF119F28C6AA0A009AD704 /* Debug */ = {
			isa = XCBuildConfiguration;
			buildSettings = {
				ASSETCATALOG_COMPILER_APPICON_NAME = AppIcon;
				ASSETCATALOG_COMPILER_GLOBAL_ACCENT_COLOR_NAME = AccentColor;
				CODE_SIGN_STYLE = Automatic;
				CURRENT_PROJECT_VERSION = 1;
				DEVELOPMENT_TEAM = 7Q9WWMLBYW;
				ENABLE_PREVIEWS = YES;
				GENERATE_INFOPLIST_FILE = YES;
				INFOPLIST_KEY_UIApplicationSceneManifest_Generation = YES;
				INFOPLIST_KEY_UIApplicationSupportsIndirectInputEvents = YES;
				INFOPLIST_KEY_UILaunchScreen_Generation = YES;
				INFOPLIST_KEY_UISupportedInterfaceOrientations_iPad = "UIInterfaceOrientationPortrait UIInterfaceOrientationPortraitUpsideDown UIInterfaceOrientationLandscapeLeft UIInterfaceOrientationLandscapeRight";
				INFOPLIST_KEY_UISupportedInterfaceOrientations_iPhone = "UIInterfaceOrientationPortrait UIInterfaceOrientationLandscapeLeft UIInterfaceOrientationLandscapeRight";
				IPHONEOS_DEPLOYMENT_TARGET = 15.5;
				LD_RUNPATH_SEARCH_PATHS = (
					"$(inherited)",
					"@executable_path/Frameworks",
				);
				MARKETING_VERSION = 1.0;
				PRODUCT_BUNDLE_IDENTIFIER = brown.opivoid;
				PRODUCT_NAME = opivoid;
				SDKROOT = iphoneos;
				SWIFT_EMIT_LOC_STRINGS = YES;
				SWIFT_VERSION = 5.0;
				TARGETED_DEVICE_FAMILY = "1,2";
			};
			name = Debug;
		};
		43AF11A028C6AA0A009AD704 /* Release */ = {
			isa = XCBuildConfiguration;
			buildSettings = {
				ASSETCATALOG_COMPILER_APPICON_NAME = AppIcon;
				ASSETCATALOG_COMPILER_GLOBAL_ACCENT_COLOR_NAME = AccentColor;
				CODE_SIGN_STYLE = Automatic;
				CURRENT_PROJECT_VERSION = 1;
				DEVELOPMENT_TEAM = 7Q9WWMLBYW;
				ENABLE_PREVIEWS = YES;
				GENERATE_INFOPLIST_FILE = YES;
				INFOPLIST_KEY_UIApplicationSceneManifest_Generation = YES;
				INFOPLIST_KEY_UIApplicationSupportsIndirectInputEvents = YES;
				INFOPLIST_KEY_UILaunchScreen_Generation = YES;
				INFOPLIST_KEY_UISupportedInterfaceOrientations_iPad = "UIInterfaceOrientationPortrait UIInterfaceOrientationPortraitUpsideDown UIInterfaceOrientationLandscapeLeft UIInterfaceOrientationLandscapeRight";
				INFOPLIST_KEY_UISupportedInterfaceOrientations_iPhone = "UIInterfaceOrientationPortrait UIInterfaceOrientationLandscapeLeft UIInterfaceOrientationLandscapeRight";
				IPHONEOS_DEPLOYMENT_TARGET = 15.5;
				LD_RUNPATH_SEARCH_PATHS = (
					"$(inherited)",
					"@executable_path/Frameworks",
				);
				MARKETING_VERSION = 1.0;
				PRODUCT_BUNDLE_IDENTIFIER = brown.opivoid;
				PRODUCT_NAME = opivoid;
				SDKROOT = iphoneos;
				SWIFT_EMIT_LOC_STRINGS = YES;
				SWIFT_VERSION = 5.0;
				TARGETED_DEVICE_FAMILY = "1,2";
				VALIDATE_PRODUCT = YES;
			};
			name = Release;
		};
		43AF11A228C6AA0A009AD704 /* Debug */ = {
			isa = XCBuildConfiguration;
			buildSettings = {
				ASSETCATALOG_COMPILER_APPICON_NAME = AppIcon;
				ASSETCATALOG_COMPILER_GLOBAL_ACCENT_COLOR_NAME = AccentColor;
				CODE_SIGN_ENTITLEMENTS = macOS/macOS.entitlements;
				CODE_SIGN_STYLE = Automatic;
				COMBINE_HIDPI_IMAGES = YES;
				CURRENT_PROJECT_VERSION = 1;
				DEVELOPMENT_TEAM = 7Q9WWMLBYW;
				ENABLE_HARDENED_RUNTIME = YES;
				ENABLE_PREVIEWS = YES;
				GENERATE_INFOPLIST_FILE = YES;
				INFOPLIST_KEY_NSHumanReadableCopyright = "";
				LD_RUNPATH_SEARCH_PATHS = (
					"$(inherited)",
					"@executable_path/../Frameworks",
				);
				MACOSX_DEPLOYMENT_TARGET = 12.3;
				MARKETING_VERSION = 1.0;
				PRODUCT_BUNDLE_IDENTIFIER = brown.opivoid;
				PRODUCT_NAME = opivoid;
				SDKROOT = macosx;
				SWIFT_EMIT_LOC_STRINGS = YES;
				SWIFT_VERSION = 5.0;
			};
			name = Debug;
		};
		43AF11A328C6AA0A009AD704 /* Release */ = {
			isa = XCBuildConfiguration;
			buildSettings = {
				ASSETCATALOG_COMPILER_APPICON_NAME = AppIcon;
				ASSETCATALOG_COMPILER_GLOBAL_ACCENT_COLOR_NAME = AccentColor;
				CODE_SIGN_ENTITLEMENTS = macOS/macOS.entitlements;
				CODE_SIGN_STYLE = Automatic;
				COMBINE_HIDPI_IMAGES = YES;
				CURRENT_PROJECT_VERSION = 1;
				DEVELOPMENT_TEAM = 7Q9WWMLBYW;
				ENABLE_HARDENED_RUNTIME = YES;
				ENABLE_PREVIEWS = YES;
				GENERATE_INFOPLIST_FILE = YES;
				INFOPLIST_KEY_NSHumanReadableCopyright = "";
				LD_RUNPATH_SEARCH_PATHS = (
					"$(inherited)",
					"@executable_path/../Frameworks",
				);
				MACOSX_DEPLOYMENT_TARGET = 12.3;
				MARKETING_VERSION = 1.0;
				PRODUCT_BUNDLE_IDENTIFIER = brown.opivoid;
				PRODUCT_NAME = opivoid;
				SDKROOT = macosx;
				SWIFT_EMIT_LOC_STRINGS = YES;
				SWIFT_VERSION = 5.0;
			};
			name = Release;
		};
		43AF11A528C6AA0A009AD704 /* Debug */ = {
			isa = XCBuildConfiguration;
			buildSettings = {
				ALWAYS_EMBED_SWIFT_STANDARD_LIBRARIES = YES;
				CODE_SIGN_STYLE = Automatic;
				CURRENT_PROJECT_VERSION = 1;
				DEVELOPMENT_TEAM = 7Q9WWMLBYW;
				GENERATE_INFOPLIST_FILE = YES;
				IPHONEOS_DEPLOYMENT_TARGET = 15.5;
				MARKETING_VERSION = 1.0;
				PRODUCT_BUNDLE_IDENTIFIER = "brown.Tests-iOS";
				PRODUCT_NAME = "$(TARGET_NAME)";
				SDKROOT = iphoneos;
				SWIFT_EMIT_LOC_STRINGS = NO;
				SWIFT_VERSION = 5.0;
				TARGETED_DEVICE_FAMILY = "1,2";
				TEST_TARGET_NAME = "opivoid (iOS)";
			};
			name = Debug;
		};
		43AF11A628C6AA0A009AD704 /* Release */ = {
			isa = XCBuildConfiguration;
			buildSettings = {
				ALWAYS_EMBED_SWIFT_STANDARD_LIBRARIES = YES;
				CODE_SIGN_STYLE = Automatic;
				CURRENT_PROJECT_VERSION = 1;
				DEVELOPMENT_TEAM = 7Q9WWMLBYW;
				GENERATE_INFOPLIST_FILE = YES;
				IPHONEOS_DEPLOYMENT_TARGET = 15.5;
				MARKETING_VERSION = 1.0;
				PRODUCT_BUNDLE_IDENTIFIER = "brown.Tests-iOS";
				PRODUCT_NAME = "$(TARGET_NAME)";
				SDKROOT = iphoneos;
				SWIFT_EMIT_LOC_STRINGS = NO;
				SWIFT_VERSION = 5.0;
				TARGETED_DEVICE_FAMILY = "1,2";
				TEST_TARGET_NAME = "opivoid (iOS)";
				VALIDATE_PRODUCT = YES;
			};
			name = Release;
		};
		43AF11A828C6AA0A009AD704 /* Debug */ = {
			isa = XCBuildConfiguration;
			buildSettings = {
				ALWAYS_EMBED_SWIFT_STANDARD_LIBRARIES = YES;
				CODE_SIGN_STYLE = Automatic;
				CURRENT_PROJECT_VERSION = 1;
				DEVELOPMENT_TEAM = 7Q9WWMLBYW;
				GENERATE_INFOPLIST_FILE = YES;
				MACOSX_DEPLOYMENT_TARGET = 12.3;
				MARKETING_VERSION = 1.0;
				PRODUCT_BUNDLE_IDENTIFIER = "brown.Tests-macOS";
				PRODUCT_NAME = "$(TARGET_NAME)";
				SDKROOT = macosx;
				SWIFT_EMIT_LOC_STRINGS = NO;
				SWIFT_VERSION = 5.0;
				TEST_TARGET_NAME = "opivoid (macOS)";
			};
			name = Debug;
		};
		43AF11A928C6AA0A009AD704 /* Release */ = {
			isa = XCBuildConfiguration;
			buildSettings = {
				ALWAYS_EMBED_SWIFT_STANDARD_LIBRARIES = YES;
				CODE_SIGN_STYLE = Automatic;
				CURRENT_PROJECT_VERSION = 1;
				DEVELOPMENT_TEAM = 7Q9WWMLBYW;
				GENERATE_INFOPLIST_FILE = YES;
				MACOSX_DEPLOYMENT_TARGET = 12.3;
				MARKETING_VERSION = 1.0;
				PRODUCT_BUNDLE_IDENTIFIER = "brown.Tests-macOS";
				PRODUCT_NAME = "$(TARGET_NAME)";
				SDKROOT = macosx;
				SWIFT_EMIT_LOC_STRINGS = NO;
				SWIFT_VERSION = 5.0;
				TEST_TARGET_NAME = "opivoid (macOS)";
			};
			name = Release;
		};
/* End XCBuildConfiguration section */

/* Begin XCConfigurationList section */
		43AF116C28C6AA08009AD704 /* Build configuration list for PBXProject "opivoid" */ = {
			isa = XCConfigurationList;
			buildConfigurations = (
				43AF119C28C6AA0A009AD704 /* Debug */,
				43AF119D28C6AA0A009AD704 /* Release */,
			);
			defaultConfigurationIsVisible = 0;
			defaultConfigurationName = Release;
		};
		43AF119E28C6AA0A009AD704 /* Build configuration list for PBXNativeTarget "opivoid (iOS)" */ = {
			isa = XCConfigurationList;
			buildConfigurations = (
				43AF119F28C6AA0A009AD704 /* Debug */,
				43AF11A028C6AA0A009AD704 /* Release */,
			);
			defaultConfigurationIsVisible = 0;
			defaultConfigurationName = Release;
		};
		43AF11A128C6AA0A009AD704 /* Build configuration list for PBXNativeTarget "opivoid (macOS)" */ = {
			isa = XCConfigurationList;
			buildConfigurations = (
				43AF11A228C6AA0A009AD704 /* Debug */,
				43AF11A328C6AA0A009AD704 /* Release */,
			);
			defaultConfigurationIsVisible = 0;
			defaultConfigurationName = Release;
		};
		43AF11A428C6AA0A009AD704 /* Build configuration list for PBXNativeTarget "Tests iOS" */ = {
			isa = XCConfigurationList;
			buildConfigurations = (
				43AF11A528C6AA0A009AD704 /* Debug */,
				43AF11A628C6AA0A009AD704 /* Release */,
			);
			defaultConfigurationIsVisible = 0;
			defaultConfigurationName = Release;
		};
		43AF11A728C6AA0A009AD704 /* Build configuration list for PBXNativeTarget "Tests macOS" */ = {
			isa = XCConfigurationList;
			buildConfigurations = (
				43AF11A828C6AA0A009AD704 /* Debug */,
				43AF11A928C6AA0A009AD704 /* Release */,
			);
			defaultConfigurationIsVisible = 0;
			defaultConfigurationName = Release;
		};
/* End XCConfigurationList section */
	};
	rootObject = 43AF116928C6AA08009AD704 /* Project object */;
}
